{
  "name": "capacitor-udp",
  "version": "0.1.1",
  "lockfileVersion": 1,
  "requires": true,
  "dependencies": {
    "@capacitor/android": {
      "version": "1.4.0",
      "resolved": "https://registry.npm.taobao.org/@capacitor/android/download/@capacitor/android-1.4.0.tgz",
      "integrity": "sha1-zgANJA5ZkpjNlbj0i3kVfga3Mtw=",
      "dev": true
    },
    "@capacitor/core": {
      "version": "1.4.0",
      "resolved": "https://registry.npm.taobao.org/@capacitor/core/download/@capacitor/core-1.4.0.tgz",
      "integrity": "sha1-T2of1QFofxgZ575nO1KMw+j3zpc=",
      "requires": {
        "tslib": "^1.9.0"
      }
    },
    "@capacitor/ios": {
      "version": "1.4.0",
      "resolved": "https://registry.npm.taobao.org/@capacitor/ios/download/@capacitor/ios-1.4.0.tgz",
      "integrity": "sha1-04cCN1vmfcS+WzmfOEtucnlz10E=",
      "dev": true
    },
    "tslib": {
      "version": "1.10.0",
      "resolved": "https://registry.npm.taobao.org/tslib/download/tslib-1.10.0.tgz",
      "integrity": "sha1-w8GflZc/sKYpc/sJ2Q2WHuQ+XIo="
    },
    "typescript": {
      "version": "3.7.4",
      "resolved": "https://registry.npm.taobao.org/typescript/download/typescript-3.7.4.tgz?cache=0&sync_timestamp=1578640594886&other_urls=https%3A%2F%2Fregistry.npm.taobao.org%2Ftypescript%2Fdownload%2Ftypescript-3.7.4.tgz",
      "integrity": "sha1-F0Ol7F/vah+p8+RwjjPIHHOHbBk=",
      "dev": true
    }
  }
}
